
Microsoft Visual Studio Solution File, Format Version 12.00
# Visual Studio Version 17
VisualStudioVersion = 17.10.35122.118
MinimumVisualStudioVersion = 10.0.40219.1
Project("{FAE04EC0-301F-11D3-BF4B-00C04F79EFBC}") = "DemoApi", "DemoApi\DemoApi.csproj", "{034B2A62-29AD-4859-899C-96712FA8351D}"
EndProject
Global
	GlobalSection(SolutionConfigurationPlatforms) = preSolution
		Debug|Any CPU = Debug|Any CPU
		Release|Any CPU = Release|Any CPU
	EndGlobalSection
	GlobalSection(ProjectConfigurationPlatforms) = postSolution
		{034B2A62-29AD-4859-899C-96712FA8351D}.Debug|Any CPU.ActiveCfg = Debug|Any CPU
		{034B2A62-29AD-4859-899C-96712FA8351D}.Debug|Any CPU.Build.0 = Debug|Any CPU
		{034B2A62-29AD-4859-899C-96712FA8351D}.Release|Any CPU.ActiveCfg = Release|Any CPU
		{034B2A62-29AD-4859-899C-96712FA8351D}.Release|Any CPU.Build.0 = Release|Any CPU
	EndGlobalSection
	GlobalSection(SolutionProperties) = preSolution
		HideSolutionNode = FALSE
	EndGlobalSection
	GlobalSection(ExtensibilityGlobals) = postSolution
		SolutionGuid = {57CF57ED-8C90-420E-B384-964FFE1989D8}
	EndGlobalSection
EndGlobal
